
Microsoft Visual Studio Solution File, Format Version 12.00
# Visual Studio 15
VisualStudioVersion = 15.0.28307.1525
MinimumVisualStudioVersion = 10.0.40219.1
Project("{FAE04EC0-301F-11D3-BF4B-00C04F79EFBC}") = "DotNetCoeDemo", "DotNetCoeDemo\DotNetCoeDemo.csproj", "{7F6AE279-B5E6-4E02-A1B3-6C51AB8EB3C0}"
EndProject
Global
	GlobalSection(SolutionConfigurationPlatforms) = preSolution
		Debug|Any CPU = Debug|Any CPU
		Release|Any CPU = Release|Any CPU
	EndGlobalSection
	GlobalSection(ProjectConfigurationPlatforms) = postSolution
		{7F6AE279-B5E6-4E02-A1B3-6C51AB8EB3C0}.Debug|Any CPU.ActiveCfg = Debug|Any CPU
		{7F6AE279-B5E6-4E02-A1B3-6C51AB8EB3C0}.Debug|Any CPU.Build.0 = Debug|Any CPU
		{7F6AE279-B5E6-4E02-A1B3-6C51AB8EB3C0}.Release|Any CPU.ActiveCfg = Release|Any CPU
		{7F6AE279-B5E6-4E02-A1B3-6C51AB8EB3C0}.Release|Any CPU.Build.0 = Release|Any CPU
	EndGlobalSection
	GlobalSection(SolutionProperties) = preSolution
		HideSolutionNode = FALSE
	EndGlobalSection
	GlobalSection(ExtensibilityGlobals) = postSolution
		SolutionGuid = {AB8F3972-29F7-42E9-8AC6-9E9C4920AE04}
	EndGlobalSection
EndGlobal
